
Microsoft Visual Studio Solution File, Format Version 12.00
# Visual Studio 14
VisualStudioVersion = 14.0.24720.0
MinimumVisualStudioVersion = 10.0.40219.1
Project("{FAE04EC0-301F-11D3-BF4B-00C04F79EFBC}") = "Core", "Core\Core.csproj", "{6EFEB6A8-2001-4CB4-8058-14817275C2E4}"
EndProject
Project("{FAE04EC0-301F-11D3-BF4B-00C04F79EFBC}") = "Core.Data.EF", "Core.Data.EF\Core.Data.EF.csproj", "{A8E26D84-6181-48A1-9068-18556451E3E5}"
EndProject
Project("{FAE04EC0-301F-11D3-BF4B-00C04F79EFBC}") = "Core.Data.Adonet", "Core.Data.Adonet\Core.Data.Adonet.csproj", "{6EC1E8AE-14F1-42F8-A1CE-E0A27E60923B}"
EndProject
Project("{FAE04EC0-301F-11D3-BF4B-00C04F79EFBC}") = "Web.Admin", "Web.Admin\Web.Admin.csproj", "{6718658A-F6E1-4130-89E8-15AD1F80256C}"
EndProject
Project("{FAE04EC0-301F-11D3-BF4B-00C04F79EFBC}") = "IoC", "IoC\IoC.csproj", "{EF3B26EA-8C53-460F-B6E9-3B80D3DBDB01}"
EndProject
Global
	GlobalSection(SolutionConfigurationPlatforms) = preSolution
		Debug|Any CPU = Debug|Any CPU
		Release|Any CPU = Release|Any CPU
	EndGlobalSection
	GlobalSection(ProjectConfigurationPlatforms) = postSolution
		{6EFEB6A8-2001-4CB4-8058-14817275C2E4}.Debug|Any CPU.ActiveCfg = Debug|Any CPU
		{6EFEB6A8-2001-4CB4-8058-14817275C2E4}.Debug|Any CPU.Build.0 = Debug|Any CPU
		{6EFEB6A8-2001-4CB4-8058-14817275C2E4}.Release|Any CPU.ActiveCfg = Release|Any CPU
		{6EFEB6A8-2001-4CB4-8058-14817275C2E4}.Release|Any CPU.Build.0 = Release|Any CPU
		{A8E26D84-6181-48A1-9068-18556451E3E5}.Debug|Any CPU.ActiveCfg = Debug|Any CPU
		{A8E26D84-6181-48A1-9068-18556451E3E5}.Debug|Any CPU.Build.0 = Debug|Any CPU
		{A8E26D84-6181-48A1-9068-18556451E3E5}.Release|Any CPU.ActiveCfg = Release|Any CPU
		{A8E26D84-6181-48A1-9068-18556451E3E5}.Release|Any CPU.Build.0 = Release|Any CPU
		{6EC1E8AE-14F1-42F8-A1CE-E0A27E60923B}.Debug|Any CPU.ActiveCfg = Debug|Any CPU
		{6EC1E8AE-14F1-42F8-A1CE-E0A27E60923B}.Debug|Any CPU.Build.0 = Debug|Any CPU
		{6EC1E8AE-14F1-42F8-A1CE-E0A27E60923B}.Release|Any CPU.ActiveCfg = Release|Any CPU
		{6EC1E8AE-14F1-42F8-A1CE-E0A27E60923B}.Release|Any CPU.Build.0 = Release|Any CPU
		{6718658A-F6E1-4130-89E8-15AD1F80256C}.Debug|Any CPU.ActiveCfg = Debug|Any CPU
		{6718658A-F6E1-4130-89E8-15AD1F80256C}.Debug|Any CPU.Build.0 = Debug|Any CPU
		{6718658A-F6E1-4130-89E8-15AD1F80256C}.Release|Any CPU.ActiveCfg = Release|Any CPU
		{6718658A-F6E1-4130-89E8-15AD1F80256C}.Release|Any CPU.Build.0 = Release|Any CPU
		{EF3B26EA-8C53-460F-B6E9-3B80D3DBDB01}.Debug|Any CPU.ActiveCfg = Debug|Any CPU
		{EF3B26EA-8C53-460F-B6E9-3B80D3DBDB01}.Debug|Any CPU.Build.0 = Debug|Any CPU
		{EF3B26EA-8C53-460F-B6E9-3B80D3DBDB01}.Release|Any CPU.ActiveCfg = Release|Any CPU
		{EF3B26EA-8C53-460F-B6E9-3B80D3DBDB01}.Release|Any CPU.Build.0 = Release|Any CPU
	EndGlobalSection
	GlobalSection(SolutionProperties) = preSolution
		HideSolutionNode = FALSE
	EndGlobalSection
EndGlobal
